
Microsoft Visual Studio Solution File, Format Version 12.00
# Visual Studio Version 17
VisualStudioVersion = 17.6.33723.286
MinimumVisualStudioVersion = 10.0.40219.1
Project("{FAE04EC0-301F-11D3-BF4B-00C04F79EFBC}") = "3.InsertionSort", "3.InsertionSort\3.InsertionSort.csproj", "{A46AF25E-F249-4785-B257-7658F0615198}"
EndProject
Project("{FAE04EC0-301F-11D3-BF4B-00C04F79EFBC}") = "4.MergeSort", "4.MergeSort\4.MergeSort.csproj", "{32F6E4B5-481D-4EA9-B76C-64FE4099EA95}"
EndProject
Project("{FAE04EC0-301F-11D3-BF4B-00C04F79EFBC}") = "5.QuickSort", "5.QuickSort\5.QuickSort.csproj", "{68E2F199-2513-4D71-9B8E-55B4838E27F2}"
EndProject
Project("{FAE04EC0-301F-11D3-BF4B-00C04F79EFBC}") = "6.BucketSort", "6.BucketSort\6.BucketSort.csproj", "{8AB9D93D-0336-4035-8555-819BC110F9E2}"
EndProject
Project("{FAE04EC0-301F-11D3-BF4B-00C04F79EFBC}") = "7.NameSort", "7.NameSort\7.NameSort.csproj", "{0F931D60-F223-40AF-877A-FE057B642583}"
EndProject
Project("{FAE04EC0-301F-11D3-BF4B-00C04F79EFBC}") = "CommonLogic", "CommonLogic\CommonLogic.csproj", "{AFF4B306-D44F-414F-9728-7D9FD5C34960}"
EndProject
Project("{9A19103F-16F7-4668-BE54-9A1E7A4F7556}") = "2.BubbleSort", "2.BubbleSort\2.BubbleSort.csproj", "{F7F41F9E-E3A0-4D85-8D57-EA001E9D3D5D}"
EndProject
Project("{9A19103F-16F7-4668-BE54-9A1E7A4F7556}") = "8.CarSort", "8.CarSort\8.CarSort.csproj", "{F422CD9B-EFC2-424F-B8A5-99B18A68E36F}"
EndProject
Project("{FAE04EC0-301F-11D3-BF4B-00C04F79EFBC}") = "Tests", "Tests\Tests.csproj", "{1D2D874E-BCF0-40F7-B34A-3F27CDBF5199}"
EndProject
Global
	GlobalSection(SolutionConfigurationPlatforms) = preSolution
		Debug|Any CPU = Debug|Any CPU
		Release|Any CPU = Release|Any CPU
	EndGlobalSection
	GlobalSection(ProjectConfigurationPlatforms) = postSolution
		{A46AF25E-F249-4785-B257-7658F0615198}.Debug|Any CPU.ActiveCfg = Debug|Any CPU
		{A46AF25E-F249-4785-B257-7658F0615198}.Debug|Any CPU.Build.0 = Debug|Any CPU
		{A46AF25E-F249-4785-B257-7658F0615198}.Release|Any CPU.ActiveCfg = Release|Any CPU
		{A46AF25E-F249-4785-B257-7658F0615198}.Release|Any CPU.Build.0 = Release|Any CPU
		{32F6E4B5-481D-4EA9-B76C-64FE4099EA95}.Debug|Any CPU.ActiveCfg = Debug|Any CPU
		{32F6E4B5-481D-4EA9-B76C-64FE4099EA95}.Debug|Any CPU.Build.0 = Debug|Any CPU
		{32F6E4B5-481D-4EA9-B76C-64FE4099EA95}.Release|Any CPU.ActiveCfg = Release|Any CPU
		{32F6E4B5-481D-4EA9-B76C-64FE4099EA95}.Release|Any CPU.Build.0 = Release|Any CPU
		{68E2F199-2513-4D71-9B8E-55B4838E27F2}.Debug|Any CPU.ActiveCfg = Debug|Any CPU
		{68E2F199-2513-4D71-9B8E-55B4838E27F2}.Debug|Any CPU.Build.0 = Debug|Any CPU
		{68E2F199-2513-4D71-9B8E-55B4838E27F2}.Release|Any CPU.ActiveCfg = Release|Any CPU
		{68E2F199-2513-4D71-9B8E-55B4838E27F2}.Release|Any CPU.Build.0 = Release|Any CPU
		{8AB9D93D-0336-4035-8555-819BC110F9E2}.Debug|Any CPU.ActiveCfg = Debug|Any CPU
		{8AB9D93D-0336-4035-8555-819BC110F9E2}.Debug|Any CPU.Build.0 = Debug|Any CPU
		{8AB9D93D-0336-4035-8555-819BC110F9E2}.Release|Any CPU.ActiveCfg = Release|Any CPU
		{8AB9D93D-0336-4035-8555-819BC110F9E2}.Release|Any CPU.Build.0 = Release|Any CPU
		{0F931D60-F223-40AF-877A-FE057B642583}.Debug|Any CPU.ActiveCfg = Debug|Any CPU
		{0F931D60-F223-40AF-877A-FE057B642583}.Debug|Any CPU.Build.0 = Debug|Any CPU
		{0F931D60-F223-40AF-877A-FE057B642583}.Release|Any CPU.ActiveCfg = Release|Any CPU
		{0F931D60-F223-40AF-877A-FE057B642583}.Release|Any CPU.Build.0 = Release|Any CPU
		{AFF4B306-D44F-414F-9728-7D9FD5C34960}.Debug|Any CPU.ActiveCfg = Debug|Any CPU
		{AFF4B306-D44F-414F-9728-7D9FD5C34960}.Debug|Any CPU.Build.0 = Debug|Any CPU
		{AFF4B306-D44F-414F-9728-7D9FD5C34960}.Release|Any CPU.ActiveCfg = Release|Any CPU
		{AFF4B306-D44F-414F-9728-7D9FD5C34960}.Release|Any CPU.Build.0 = Release|Any CPU
		{F7F41F9E-E3A0-4D85-8D57-EA001E9D3D5D}.Debug|Any CPU.ActiveCfg = Debug|Any CPU
		{F7F41F9E-E3A0-4D85-8D57-EA001E9D3D5D}.Debug|Any CPU.Build.0 = Debug|Any CPU
		{F7F41F9E-E3A0-4D85-8D57-EA001E9D3D5D}.Release|Any CPU.ActiveCfg = Release|Any CPU
		{F7F41F9E-E3A0-4D85-8D57-EA001E9D3D5D}.Release|Any CPU.Build.0 = Release|Any CPU
		{F422CD9B-EFC2-424F-B8A5-99B18A68E36F}.Debug|Any CPU.ActiveCfg = Debug|Any CPU
		{F422CD9B-EFC2-424F-B8A5-99B18A68E36F}.Debug|Any CPU.Build.0 = Debug|Any CPU
		{F422CD9B-EFC2-424F-B8A5-99B18A68E36F}.Release|Any CPU.ActiveCfg = Release|Any CPU
		{F422CD9B-EFC2-424F-B8A5-99B18A68E36F}.Release|Any CPU.Build.0 = Release|Any CPU
		{1D2D874E-BCF0-40F7-B34A-3F27CDBF5199}.Debug|Any CPU.ActiveCfg = Debug|Any CPU
		{1D2D874E-BCF0-40F7-B34A-3F27CDBF5199}.Debug|Any CPU.Build.0 = Debug|Any CPU
		{1D2D874E-BCF0-40F7-B34A-3F27CDBF5199}.Release|Any CPU.ActiveCfg = Release|Any CPU
		{1D2D874E-BCF0-40F7-B34A-3F27CDBF5199}.Release|Any CPU.Build.0 = Release|Any CPU
	EndGlobalSection
	GlobalSection(SolutionProperties) = preSolution
		HideSolutionNode = FALSE
	EndGlobalSection
	GlobalSection(ExtensibilityGlobals) = postSolution
		SolutionGuid = {15C45EBE-7026-4992-B50F-52070186E231}
	EndGlobalSection
EndGlobal
